
Microsoft Visual Studio Solution File, Format Version 12.00
# Visual Studio Version 16
VisualStudioVersion = 16.0.30128.74
MinimumVisualStudioVersion = 10.0.40219.1
Project("{FAE04EC0-301F-11D3-BF4B-00C04F79EFBC}") = "TimerEvents", "TimerEvents\TimerEvents.csproj", "{C36F10AE-FB93-4EE2-8F16-C76A10F0373A}"
EndProject
Global
	GlobalSection(SolutionConfigurationPlatforms) = preSolution
		Debug|Any CPU = Debug|Any CPU
		Release|Any CPU = Release|Any CPU
	EndGlobalSection
	GlobalSection(ProjectConfigurationPlatforms) = postSolution
		{C36F10AE-FB93-4EE2-8F16-C76A10F0373A}.Debug|Any CPU.ActiveCfg = Debug|Any CPU
		{C36F10AE-FB93-4EE2-8F16-C76A10F0373A}.Debug|Any CPU.Build.0 = Debug|Any CPU
		{C36F10AE-FB93-4EE2-8F16-C76A10F0373A}.Release|Any CPU.ActiveCfg = Release|Any CPU
		{C36F10AE-FB93-4EE2-8F16-C76A10F0373A}.Release|Any CPU.Build.0 = Release|Any CPU
	EndGlobalSection
	GlobalSection(SolutionProperties) = preSolution
		HideSolutionNode = FALSE
	EndGlobalSection
	GlobalSection(ExtensibilityGlobals) = postSolution
		SolutionGuid = {E7B36382-8F8A-4613-B12C-47718FAC9358}
	EndGlobalSection
EndGlobal
