
Microsoft Visual Studio Solution File, Format Version 12.00
# Visual Studio Version 16
VisualStudioVersion = 16.0.30128.74
MinimumVisualStudioVersion = 10.0.40219.1
Project("{FAE04EC0-301F-11D3-BF4B-00C04F79EFBC}") = "Exercise 1", "Exercise 1\Exercise 1.csproj", "{88C4E762-4896-4D93-A41D-C7EA23DCF95D}"
EndProject
Global
	GlobalSection(SolutionConfigurationPlatforms) = preSolution
		Debug|Any CPU = Debug|Any CPU
		Release|Any CPU = Release|Any CPU
	EndGlobalSection
	GlobalSection(ProjectConfigurationPlatforms) = postSolution
		{88C4E762-4896-4D93-A41D-C7EA23DCF95D}.Debug|Any CPU.ActiveCfg = Debug|Any CPU
		{88C4E762-4896-4D93-A41D-C7EA23DCF95D}.Debug|Any CPU.Build.0 = Debug|Any CPU
		{88C4E762-4896-4D93-A41D-C7EA23DCF95D}.Release|Any CPU.ActiveCfg = Release|Any CPU
		{88C4E762-4896-4D93-A41D-C7EA23DCF95D}.Release|Any CPU.Build.0 = Release|Any CPU
	EndGlobalSection
	GlobalSection(SolutionProperties) = preSolution
		HideSolutionNode = FALSE
	EndGlobalSection
	GlobalSection(ExtensibilityGlobals) = postSolution
		SolutionGuid = {576D5D38-F739-4F7B-8E87-B5450758EF31}
	EndGlobalSection
EndGlobal
